
Microsoft Visual Studio Solution File, Format Version 12.00
# Visual Studio Version 16
VisualStudioVersion = 16.0.30128.74
MinimumVisualStudioVersion = 10.0.40219.1
Project("{9A19103F-16F7-4668-BE54-9A1E7A4F7556}") = "MessageCenter3", "MessageCenter3\MessageCenter3.csproj", "{AE6F3C45-8685-4A1C-B6A3-82946878391A}"
EndProject
Project("{00D1A9C2-B5F0-4AF3-8072-F6C62B433612}") = "DB Schema", "DB Schema\DB Schema.sqlproj", "{F13C901A-3D2B-41EC-BC66-A4B8DAE152D1}"
EndProject
Global
	GlobalSection(SolutionConfigurationPlatforms) = preSolution
		Debug|Any CPU = Debug|Any CPU
		Release|Any CPU = Release|Any CPU
	EndGlobalSection
	GlobalSection(ProjectConfigurationPlatforms) = postSolution
		{AE6F3C45-8685-4A1C-B6A3-82946878391A}.Debug|Any CPU.ActiveCfg = Debug|Any CPU
		{AE6F3C45-8685-4A1C-B6A3-82946878391A}.Debug|Any CPU.Build.0 = Debug|Any CPU
		{AE6F3C45-8685-4A1C-B6A3-82946878391A}.Release|Any CPU.ActiveCfg = Release|Any CPU
		{AE6F3C45-8685-4A1C-B6A3-82946878391A}.Release|Any CPU.Build.0 = Release|Any CPU
		{F13C901A-3D2B-41EC-BC66-A4B8DAE152D1}.Debug|Any CPU.ActiveCfg = Debug|Any CPU
		{F13C901A-3D2B-41EC-BC66-A4B8DAE152D1}.Debug|Any CPU.Build.0 = Debug|Any CPU
		{F13C901A-3D2B-41EC-BC66-A4B8DAE152D1}.Debug|Any CPU.Deploy.0 = Debug|Any CPU
		{F13C901A-3D2B-41EC-BC66-A4B8DAE152D1}.Release|Any CPU.ActiveCfg = Release|Any CPU
		{F13C901A-3D2B-41EC-BC66-A4B8DAE152D1}.Release|Any CPU.Build.0 = Release|Any CPU
		{F13C901A-3D2B-41EC-BC66-A4B8DAE152D1}.Release|Any CPU.Deploy.0 = Release|Any CPU
	EndGlobalSection
	GlobalSection(SolutionProperties) = preSolution
		HideSolutionNode = FALSE
	EndGlobalSection
	GlobalSection(ExtensibilityGlobals) = postSolution
		SolutionGuid = {775F81B9-2982-4535-A24B-A9E9616B1F6A}
	EndGlobalSection
EndGlobal
